
Microsoft Visual Studio Solution File, Format Version 12.00
Project("{FAE04EC0-301F-11D3-BF4B-00C04F79EFBC}") = "FaceAnalyzer.Api", "FaceAnalyzer.Api\FaceAnalyzer.Api.csproj", "{CF42C8AE-580F-471F-9320-03717D3C22C6}"
EndProject
Project("{FAE04EC0-301F-11D3-BF4B-00C04F79EFBC}") = "FaceAnalyzer.ApiPlayground", "FaceAnalyzer.ApiPlayground\FaceAnalyzer.ApiPlayground.csproj", "{EC00F683-8164-435B-8CC5-1BFCB12E7EEB}"
EndProject
Project("{FAE04EC0-301F-11D3-BF4B-00C04F79EFBC}") = "FaceAnalyzer.Api.Tests", "FaceAnalyzer.Api.Tests\FaceAnalyzer.Api.Tests.csproj", "{B8E2E525-6050-4A63-B4C9-644A1E231228}"
EndProject
Project("{FAE04EC0-301F-11D3-BF4B-00C04F79EFBC}") = "FaceAnalyzer.Tests.Integration", "FaceAnalyzer.Tests.Integration\FaceAnalyzer.Tests.Integration.csproj", "{1C3EF74B-3469-45CE-92A5-558DE267634E}"
EndProject
Global
	GlobalSection(SolutionConfigurationPlatforms) = preSolution
		Debug|Any CPU = Debug|Any CPU
		Release|Any CPU = Release|Any CPU
	EndGlobalSection
	GlobalSection(ProjectConfigurationPlatforms) = postSolution
		{CF42C8AE-580F-471F-9320-03717D3C22C6}.Debug|Any CPU.ActiveCfg = Debug|Any CPU
		{CF42C8AE-580F-471F-9320-03717D3C22C6}.Debug|Any CPU.Build.0 = Debug|Any CPU
		{CF42C8AE-580F-471F-9320-03717D3C22C6}.Release|Any CPU.ActiveCfg = Release|Any CPU
		{CF42C8AE-580F-471F-9320-03717D3C22C6}.Release|Any CPU.Build.0 = Release|Any CPU
		{EC00F683-8164-435B-8CC5-1BFCB12E7EEB}.Debug|Any CPU.ActiveCfg = Debug|Any CPU
		{EC00F683-8164-435B-8CC5-1BFCB12E7EEB}.Debug|Any CPU.Build.0 = Debug|Any CPU
		{EC00F683-8164-435B-8CC5-1BFCB12E7EEB}.Release|Any CPU.ActiveCfg = Release|Any CPU
		{EC00F683-8164-435B-8CC5-1BFCB12E7EEB}.Release|Any CPU.Build.0 = Release|Any CPU
		{B8E2E525-6050-4A63-B4C9-644A1E231228}.Debug|Any CPU.ActiveCfg = Debug|Any CPU
		{B8E2E525-6050-4A63-B4C9-644A1E231228}.Debug|Any CPU.Build.0 = Debug|Any CPU
		{B8E2E525-6050-4A63-B4C9-644A1E231228}.Release|Any CPU.ActiveCfg = Release|Any CPU
		{B8E2E525-6050-4A63-B4C9-644A1E231228}.Release|Any CPU.Build.0 = Release|Any CPU
		{1C3EF74B-3469-45CE-92A5-558DE267634E}.Debug|Any CPU.ActiveCfg = Debug|Any CPU
		{1C3EF74B-3469-45CE-92A5-558DE267634E}.Debug|Any CPU.Build.0 = Debug|Any CPU
		{1C3EF74B-3469-45CE-92A5-558DE267634E}.Release|Any CPU.ActiveCfg = Release|Any CPU
		{1C3EF74B-3469-45CE-92A5-558DE267634E}.Release|Any CPU.Build.0 = Release|Any CPU
	EndGlobalSection
EndGlobal
