
Microsoft Visual Studio Solution File, Format Version 12.00
Project("{FAE04EC0-301F-11D3-BF4B-00C04F79EFBC}") = "FaceAnalyzer.Api", "FaceAnalyzer.Api\FaceAnalyzer.Api.csproj", "{CF42C8AE-580F-471F-9320-03717D3C22C6}"
EndProject
Project("{FAE04EC0-301F-11D3-BF4B-00C04F79EFBC}") = "FaceAnalyzer.ApiPlayground", "FaceAnalyzer.ApiPlayground\FaceAnalyzer.ApiPlayground.csproj", "{EC00F683-8164-435B-8CC5-1BFCB12E7EEB}"
EndProject
Global
	GlobalSection(SolutionConfigurationPlatforms) = preSolution
		Debug|Any CPU = Debug|Any CPU
		Release|Any CPU = Release|Any CPU
	EndGlobalSection
	GlobalSection(ProjectConfigurationPlatforms) = postSolution
		{CF42C8AE-580F-471F-9320-03717D3C22C6}.Debug|Any CPU.ActiveCfg = Debug|Any CPU
		{CF42C8AE-580F-471F-9320-03717D3C22C6}.Debug|Any CPU.Build.0 = Debug|Any CPU
		{CF42C8AE-580F-471F-9320-03717D3C22C6}.Release|Any CPU.ActiveCfg = Release|Any CPU
		{CF42C8AE-580F-471F-9320-03717D3C22C6}.Release|Any CPU.Build.0 = Release|Any CPU
		{EC00F683-8164-435B-8CC5-1BFCB12E7EEB}.Debug|Any CPU.ActiveCfg = Debug|Any CPU
		{EC00F683-8164-435B-8CC5-1BFCB12E7EEB}.Debug|Any CPU.Build.0 = Debug|Any CPU
		{EC00F683-8164-435B-8CC5-1BFCB12E7EEB}.Release|Any CPU.ActiveCfg = Release|Any CPU
		{EC00F683-8164-435B-8CC5-1BFCB12E7EEB}.Release|Any CPU.Build.0 = Release|Any CPU
	EndGlobalSection
EndGlobal
